{
  "name": "vejrportalen",
  "version": "1.0.0",
  "lockfileVersion": 1,
  "requires": true,
  "dependencies": {
    "bootstrap": {
      "version": "4.1.3",
      "resolved": "https://registry.npmjs.org/bootstrap/-/bootstrap-4.1.3.tgz",
      "integrity": "sha512-rDFIzgXcof0jDyjNosjv4Sno77X4KuPeFxG2XZZv1/Kc8DRVGVADdoQyyOVDwPqL36DDmtCQbrpMCqvpPLJQ0w==",
      "dev": true
    },
    "prettier": {
      "version": "1.14.3",
      "resolved": "https://registry.npmjs.org/prettier/-/prettier-1.14.3.tgz",
      "integrity": "sha512-qZDVnCrnpsRJJq5nSsiHCE3BYMED2OtsI+cmzIzF1QIfqm5ALf8tEJcO27zV1gKNKRPdhjO0dNWnrzssDQ1tFg==",
      "dev": true
    }
  }
}
